#MicroXplorer Configuration settings - do not modify
Mcu.Family=STM32F4
VP_TIM11_VS_no_output1.Signal=TIM11_VS_no_output1
RCC.PLLSourceVirtual=RCC_PLLSOURCE_HSE
TIM10.Prescaler=99
ProjectManager.MainLocation=Core/Src
VP_TIM10_VS_ClockSourceINT.Signal=TIM10_VS_ClockSourceINT
ProjectManager.ProjectFileName=stm32-bmm150.ioc
RCC.CortexFreq_Value=100000000
ProjectManager.KeepUserCode=true
Mcu.UserName=STM32F411RETx
PA10.Mode=Asynchronous
Mcu.PinsNb=12
ProjectManager.NoMain=false
PC13-ANTI_TAMP.GPIO_Label=LED
RCC.PLLCLKFreq_Value=100000000
RCC.PLLQCLKFreq_Value=50000000
ProjectManager.functionlistsort=1-MX_GPIO_Init-GPIO-false-HAL-true,2-SystemClock_Config-RCC-false-HAL-false,3-MX_I2C1_Init-I2C1-false-HAL-true,4-MX_TIM11_Init-TIM11-false-HAL-true,5-MX_USART1_UART_Init-USART1-false-HAL-true,6-MX_TIM10_Init-TIM10-false-HAL-true
PH1\ -\ OSC_OUT.Mode=HSE-External-Oscillator
RCC.RTCFreq_Value=32000
ProjectManager.DefaultFWLocation=true
TIM11.Prescaler=99
ProjectManager.DeletePrevious=true
USART1.IPParameters=VirtualMode
RCC.APB1CLKDivider=RCC_HCLK_DIV2
VP_TIM10_VS_no_output1.Mode=Output Compare1 No Output
PinOutPanel.RotationAngle=0
RCC.FamilyName=M
RCC.SYSCLKSource=RCC_SYSCLKSOURCE_PLLCLK
ProjectManager.StackSize=0x500
VP_TIM11_VS_ClockSourceINT.Mode=Enable_Timer
Mcu.IP4=TIM10
RCC.FCLKCortexFreq_Value=100000000
Mcu.IP5=TIM11
NVIC.SVCall_IRQn=true\:0\:0\:false\:false\:true\:false\:false
Mcu.IP2=RCC
Mcu.IP3=SYS
Mcu.IP0=I2C1
PA9.Mode=Asynchronous
Mcu.IP1=NVIC
PH0\ -\ OSC_IN.Mode=HSE-External-Oscillator
Mcu.UserConstants=
PH0\ -\ OSC_IN.Signal=RCC_OSC_IN
ProjectManager.TargetToolchain=SW4STM32
Mcu.ThirdPartyNb=0
RCC.HCLKFreq_Value=100000000
Mcu.IPNb=7
RCC.I2SClocksFreq_Value=150000000
ProjectManager.PreviousToolchain=SW4STM32
RCC.APB2TimFreq_Value=100000000
PA9.Signal=USART1_TX
PB6.Signal=I2C1_SCL
VP_TIM10_VS_ClockSourceINT.Mode=Enable_Timer
RCC.VcooutputI2S=150000000
PB6.Mode=I2C
RCC.VCOInputMFreq_Value=1562500
Mcu.Pin6=PB7
Mcu.Pin7=VP_SYS_VS_Systick
VP_TIM10_VS_no_output1.Signal=TIM10_VS_no_output1
ProjectManager.RegisterCallBack=
Mcu.Pin8=VP_TIM10_VS_ClockSourceINT
Mcu.Pin9=VP_TIM10_VS_no_output1
RCC.LSE_VALUE=32768
RCC.AHBFreq_Value=100000000
Mcu.Pin0=PC13-ANTI_TAMP
TIM11.IPParameters=AutoReloadPreload,Channel,Prescaler,Period
Mcu.Pin1=PH0 - OSC_IN
GPIO.groupedBy=
Mcu.Pin2=PH1 - OSC_OUT
Mcu.Pin3=PA9
Mcu.Pin4=PA10
RCC.VCOI2SOutputFreq_Value=300000000
Mcu.Pin5=PB6
ProjectManager.ProjectBuild=false
NVIC.TIM1_TRG_COM_TIM11_IRQn=true\:0\:0\:false\:false\:true\:true\:true
RCC.HSE_VALUE=25000000
NVIC.UsageFault_IRQn=true\:0\:0\:false\:false\:true\:false\:false
NVIC.DebugMonitor_IRQn=true\:0\:0\:false\:false\:true\:false\:false
PH1\ -\ OSC_OUT.Signal=RCC_OSC_OUT
board=custom
PC13-ANTI_TAMP.Signal=GPIO_Output
RCC.VCOOutputFreq_Value=200000000
TIM10.Channel=TIM_CHANNEL_1
NVIC.SysTick_IRQn=true\:0\:0\:false\:false\:true\:false\:true
PC13-ANTI_TAMP.Locked=true
ProjectManager.LastFirmware=true
TIM11.Period=999
TIM10.Period=65535
ProjectManager.FirmwarePackage=STM32Cube FW_F4 V1.25.2
MxDb.Version=DB.6.0.10
RCC.APB2Freq_Value=100000000
ProjectManager.BackupPrevious=false
MxCube.Version=6.1.2
RCC.VCOInputFreq_Value=2083333.3333333333
File.Version=6
VP_SYS_VS_Systick.Mode=SysTick
RCC.EthernetFreq_Value=100000000
PB7.Signal=I2C1_SDA
NVIC.NonMaskableInt_IRQn=true\:0\:0\:false\:false\:true\:false\:false
NVIC.PendSV_IRQn=true\:0\:0\:false\:false\:true\:false\:false
ProjectManager.FreePins=false
RCC.IPParameters=48MHZClocksFreq_Value,AHBFreq_Value,APB1CLKDivider,APB1Freq_Value,APB1TimFreq_Value,APB2Freq_Value,APB2TimFreq_Value,CortexFreq_Value,EthernetFreq_Value,FCLKCortexFreq_Value,FamilyName,HCLKFreq_Value,HSE_VALUE,HSI_VALUE,I2SClocksFreq_Value,LSE_VALUE,LSI_VALUE,MCO2PinFreq_Value,PLLCLKFreq_Value,PLLM,PLLN,PLLQCLKFreq_Value,PLLSourceVirtual,RTCFreq_Value,RTCHSEDivFreq_Value,SYSCLKFreq_VALUE,SYSCLKSource,VCOI2SOutputFreq_Value,VCOInputFreq_Value,VCOInputMFreq_Value,VCOOutputFreq_Value,VcooutputI2S
ProjectManager.AskForMigrate=true
Mcu.Name=STM32F411R(C-E)Tx
ProjectManager.HalAssertFull=false
RCC.RTCHSEDivFreq_Value=12500000
ProjectManager.ProjectName=stm32-bmm150
ProjectManager.UnderRoot=true
Mcu.IP6=USART1
ProjectManager.CoupleFile=true
RCC.48MHZClocksFreq_Value=50000000
RCC.MCO2PinFreq_Value=100000000
RCC.SYSCLKFreq_VALUE=100000000
Mcu.Package=LQFP64
NVIC.ForceEnableDMAVector=true
KeepUserPlacement=false
NVIC.MemoryManagement_IRQn=true\:0\:0\:false\:false\:true\:false\:false
VP_TIM11_VS_no_output1.Mode=Output Compare1 No Output
USART1.VirtualMode=VM_ASYNC
ProjectManager.CompilerOptimize=6
ProjectManager.ToolChainLocation=
RCC.LSI_VALUE=32000
VP_SYS_VS_Systick.Signal=SYS_VS_Systick
PB7.Mode=I2C
PA10.Signal=USART1_RX
VP_TIM11_VS_ClockSourceINT.Signal=TIM11_VS_ClockSourceINT
ProjectManager.HeapSize=0x500
NVIC.HardFault_IRQn=true\:0\:0\:false\:false\:true\:false\:false
ProjectManager.ComputerToolchain=false
RCC.HSI_VALUE=16000000
TIM11.AutoReloadPreload=TIM_AUTORELOAD_PRELOAD_ENABLE
NVIC.PriorityGroup=NVIC_PRIORITYGROUP_4
Mcu.Pin11=VP_TIM11_VS_no_output1
RCC.PLLM=12
RCC.PLLN=96
Mcu.Pin10=VP_TIM11_VS_ClockSourceINT
TIM11.Channel=TIM_CHANNEL_1
RCC.APB1TimFreq_Value=100000000
NVIC.BusFault_IRQn=true\:0\:0\:false\:false\:true\:false\:false
NVIC.USART1_IRQn=true\:0\:0\:false\:false\:true\:true\:true
RCC.APB1Freq_Value=50000000
TIM10.IPParameters=Channel,Prescaler,Period
ProjectManager.CustomerFirmwarePackage=
ProjectManager.DeviceId=STM32F411RETx
ProjectManager.LibraryCopy=1
PC13-ANTI_TAMP.GPIOParameters=GPIO_Label
